
Microsoft Visual Studio Solution File, Format Version 12.00
# Visual Studio Version 16
VisualStudioVersion = 16.0.28822.285
MinimumVisualStudioVersion = 10.0.40219.1
Project("{FAE04EC0-301F-11D3-BF4B-00C04F79EFBC}") = "Fixer3.Android", "Fixer3\Fixer3.Android\Fixer3.Android.csproj", "{127BC057-5862-47ED-8E52-C24A7D435AC6}"
EndProject
Project("{FAE04EC0-301F-11D3-BF4B-00C04F79EFBC}") = "Fixer3.iOS", "Fixer3\Fixer3.iOS\Fixer3.iOS.csproj", "{44F452BC-A468-4428-A2F6-C0553A3E80D0}"
EndProject
Project("{FAE04EC0-301F-11D3-BF4B-00C04F79EFBC}") = "Fixer3", "Fixer3\Fixer3\Fixer3.csproj", "{319BE3C1-4C38-4AD4-B7C4-8538DC8A08FF}"
EndProject
Global
	GlobalSection(SolutionConfigurationPlatforms) = preSolution
		Debug|Any CPU = Debug|Any CPU
		Debug|iPhone = Debug|iPhone
		Debug|iPhoneSimulator = Debug|iPhoneSimulator
		Release|Any CPU = Release|Any CPU
		Release|iPhone = Release|iPhone
		Release|iPhoneSimulator = Release|iPhoneSimulator
	EndGlobalSection
	GlobalSection(ProjectConfigurationPlatforms) = postSolution
		{127BC057-5862-47ED-8E52-C24A7D435AC6}.Debug|Any CPU.ActiveCfg = Debug|Any CPU
		{127BC057-5862-47ED-8E52-C24A7D435AC6}.Debug|Any CPU.Build.0 = Debug|Any CPU
		{127BC057-5862-47ED-8E52-C24A7D435AC6}.Debug|Any CPU.Deploy.0 = Debug|Any CPU
		{127BC057-5862-47ED-8E52-C24A7D435AC6}.Debug|iPhone.ActiveCfg = Debug|Any CPU
		{127BC057-5862-47ED-8E52-C24A7D435AC6}.Debug|iPhone.Build.0 = Debug|Any CPU
		{127BC057-5862-47ED-8E52-C24A7D435AC6}.Debug|iPhone.Deploy.0 = Debug|Any CPU
		{127BC057-5862-47ED-8E52-C24A7D435AC6}.Debug|iPhoneSimulator.ActiveCfg = Debug|Any CPU
		{127BC057-5862-47ED-8E52-C24A7D435AC6}.Debug|iPhoneSimulator.Build.0 = Debug|Any CPU
		{127BC057-5862-47ED-8E52-C24A7D435AC6}.Debug|iPhoneSimulator.Deploy.0 = Debug|Any CPU
		{127BC057-5862-47ED-8E52-C24A7D435AC6}.Release|Any CPU.ActiveCfg = Release|Any CPU
		{127BC057-5862-47ED-8E52-C24A7D435AC6}.Release|Any CPU.Build.0 = Release|Any CPU
		{127BC057-5862-47ED-8E52-C24A7D435AC6}.Release|Any CPU.Deploy.0 = Release|Any CPU
		{127BC057-5862-47ED-8E52-C24A7D435AC6}.Release|iPhone.ActiveCfg = Release|Any CPU
		{127BC057-5862-47ED-8E52-C24A7D435AC6}.Release|iPhone.Build.0 = Release|Any CPU
		{127BC057-5862-47ED-8E52-C24A7D435AC6}.Release|iPhone.Deploy.0 = Release|Any CPU
		{127BC057-5862-47ED-8E52-C24A7D435AC6}.Release|iPhoneSimulator.ActiveCfg = Release|Any CPU
		{127BC057-5862-47ED-8E52-C24A7D435AC6}.Release|iPhoneSimulator.Build.0 = Release|Any CPU
		{127BC057-5862-47ED-8E52-C24A7D435AC6}.Release|iPhoneSimulator.Deploy.0 = Release|Any CPU
		{44F452BC-A468-4428-A2F6-C0553A3E80D0}.Debug|Any CPU.ActiveCfg = Debug|iPhoneSimulator
		{44F452BC-A468-4428-A2F6-C0553A3E80D0}.Debug|Any CPU.Build.0 = Debug|iPhoneSimulator
		{44F452BC-A468-4428-A2F6-C0553A3E80D0}.Debug|Any CPU.Deploy.0 = Debug|iPhoneSimulator
		{44F452BC-A468-4428-A2F6-C0553A3E80D0}.Debug|iPhone.ActiveCfg = Debug|iPhone
		{44F452BC-A468-4428-A2F6-C0553A3E80D0}.Debug|iPhone.Build.0 = Debug|iPhone
		{44F452BC-A468-4428-A2F6-C0553A3E80D0}.Debug|iPhone.Deploy.0 = Debug|iPhone
		{44F452BC-A468-4428-A2F6-C0553A3E80D0}.Debug|iPhoneSimulator.ActiveCfg = Debug|iPhoneSimulator
		{44F452BC-A468-4428-A2F6-C0553A3E80D0}.Debug|iPhoneSimulator.Build.0 = Debug|iPhoneSimulator
		{44F452BC-A468-4428-A2F6-C0553A3E80D0}.Debug|iPhoneSimulator.Deploy.0 = Debug|iPhoneSimulator
		{44F452BC-A468-4428-A2F6-C0553A3E80D0}.Release|Any CPU.ActiveCfg = Release|iPhone
		{44F452BC-A468-4428-A2F6-C0553A3E80D0}.Release|Any CPU.Build.0 = Release|iPhone
		{44F452BC-A468-4428-A2F6-C0553A3E80D0}.Release|Any CPU.Deploy.0 = Release|iPhone
		{44F452BC-A468-4428-A2F6-C0553A3E80D0}.Release|iPhone.ActiveCfg = Release|iPhone
		{44F452BC-A468-4428-A2F6-C0553A3E80D0}.Release|iPhone.Build.0 = Release|iPhone
		{44F452BC-A468-4428-A2F6-C0553A3E80D0}.Release|iPhone.Deploy.0 = Release|iPhone
		{44F452BC-A468-4428-A2F6-C0553A3E80D0}.Release|iPhoneSimulator.ActiveCfg = Release|iPhoneSimulator
		{44F452BC-A468-4428-A2F6-C0553A3E80D0}.Release|iPhoneSimulator.Build.0 = Release|iPhoneSimulator
		{44F452BC-A468-4428-A2F6-C0553A3E80D0}.Release|iPhoneSimulator.Deploy.0 = Release|iPhoneSimulator
		{319BE3C1-4C38-4AD4-B7C4-8538DC8A08FF}.Debug|Any CPU.ActiveCfg = Debug|Any CPU
		{319BE3C1-4C38-4AD4-B7C4-8538DC8A08FF}.Debug|Any CPU.Build.0 = Debug|Any CPU
		{319BE3C1-4C38-4AD4-B7C4-8538DC8A08FF}.Debug|Any CPU.Deploy.0 = Debug|Any CPU
		{319BE3C1-4C38-4AD4-B7C4-8538DC8A08FF}.Debug|iPhone.ActiveCfg = Debug|Any CPU
		{319BE3C1-4C38-4AD4-B7C4-8538DC8A08FF}.Debug|iPhone.Build.0 = Debug|Any CPU
		{319BE3C1-4C38-4AD4-B7C4-8538DC8A08FF}.Debug|iPhone.Deploy.0 = Debug|Any CPU
		{319BE3C1-4C38-4AD4-B7C4-8538DC8A08FF}.Debug|iPhoneSimulator.ActiveCfg = Debug|Any CPU
		{319BE3C1-4C38-4AD4-B7C4-8538DC8A08FF}.Debug|iPhoneSimulator.Build.0 = Debug|Any CPU
		{319BE3C1-4C38-4AD4-B7C4-8538DC8A08FF}.Debug|iPhoneSimulator.Deploy.0 = Debug|Any CPU
		{319BE3C1-4C38-4AD4-B7C4-8538DC8A08FF}.Release|Any CPU.ActiveCfg = Release|Any CPU
		{319BE3C1-4C38-4AD4-B7C4-8538DC8A08FF}.Release|Any CPU.Build.0 = Release|Any CPU
		{319BE3C1-4C38-4AD4-B7C4-8538DC8A08FF}.Release|Any CPU.Deploy.0 = Release|Any CPU
		{319BE3C1-4C38-4AD4-B7C4-8538DC8A08FF}.Release|iPhone.ActiveCfg = Release|Any CPU
		{319BE3C1-4C38-4AD4-B7C4-8538DC8A08FF}.Release|iPhone.Build.0 = Release|Any CPU
		{319BE3C1-4C38-4AD4-B7C4-8538DC8A08FF}.Release|iPhone.Deploy.0 = Release|Any CPU
		{319BE3C1-4C38-4AD4-B7C4-8538DC8A08FF}.Release|iPhoneSimulator.ActiveCfg = Release|Any CPU
		{319BE3C1-4C38-4AD4-B7C4-8538DC8A08FF}.Release|iPhoneSimulator.Build.0 = Release|Any CPU
		{319BE3C1-4C38-4AD4-B7C4-8538DC8A08FF}.Release|iPhoneSimulator.Deploy.0 = Release|Any CPU
	EndGlobalSection
	GlobalSection(SolutionProperties) = preSolution
		HideSolutionNode = FALSE
	EndGlobalSection
	GlobalSection(ExtensibilityGlobals) = postSolution
		SolutionGuid = {50B23458-ECEA-4B3E-ABD2-23107F4359B1}
	EndGlobalSection
EndGlobal
